{
    "version": 3,
    "terraform_version": "0.11.7",
    "serial": 3,
    "lineage": "4ad17c2b-a8dc-97e8-8f06-4b00eabde614",
    "modules": [
        {
            "path": [
                "root"
            ],
            "outputs": {},
            "resources": {
                "aws_api_gateway_deployment.graphql": {
                    "type": "aws_api_gateway_deployment",
                    "depends_on": [
                        "aws_api_gateway_integration.lambda",
                        "aws_api_gateway_integration.lambda_root",
                        "aws_api_gateway_rest_api.graphql"
                    ],
                    "primary": {
                        "id": "pg60z9",
                        "attributes": {
                            "created_date": "2018-06-04T21:49:02Z",
                            "description": "",
                            "execution_arn": "arn:aws:execute-api:us-west-2:937400305623:bt35bpd783/test",
                            "id": "pg60z9",
                            "invoke_url": "https://bt35bpd783.execute-api.us-west-2.amazonaws.com/test",
                            "rest_api_id": "bt35bpd783",
                            "stage_name": "test"
                        },
                        "meta": {},
                        "tainted": false
                    },
                    "deposed": [],
                    "provider": "provider.aws"
                },
                "aws_api_gateway_integration.lambda": {
                    "type": "aws_api_gateway_integration",
                    "depends_on": [
                        "aws_api_gateway_method.proxy",
                        "aws_api_gateway_rest_api.graphql",
                        "aws_lambda_function.graphql"
                    ],
                    "primary": {
                        "id": "agi-bt35bpd783-u8pq8r-ANY",
                        "attributes": {
                            "cache_key_parameters.#": "0",
                            "cache_namespace": "u8pq8r",
                            "connection_id": "",
                            "connection_type": "INTERNET",
                            "http_method": "ANY",
                            "id": "agi-bt35bpd783-u8pq8r-ANY",
                            "integration_http_method": "POST",
                            "passthrough_behavior": "WHEN_NO_MATCH",
                            "request_parameters.%": "0",
                            "request_templates.%": "0",
                            "resource_id": "u8pq8r",
                            "rest_api_id": "bt35bpd783",
                            "type": "AWS_PROXY",
                            "uri": "arn:aws:apigateway:us-west-2:lambda:path/2015-03-31/functions/arn:aws:lambda:us-west-2:937400305623:function:vurv_graphql-test/invocations"
                        },
                        "meta": {},
                        "tainted": false
                    },
                    "deposed": [],
                    "provider": "provider.aws"
                },
                "aws_api_gateway_integration.lambda_root": {
                    "type": "aws_api_gateway_integration",
                    "depends_on": [
                        "aws_api_gateway_method.proxy_root",
                        "aws_api_gateway_rest_api.graphql",
                        "aws_lambda_function.graphql"
                    ],
                    "primary": {
                        "id": "agi-bt35bpd783-2w71l4mjg4-ANY",
                        "attributes": {
                            "cache_key_parameters.#": "0",
                            "cache_namespace": "2w71l4mjg4",
                            "connection_id": "",
                            "connection_type": "INTERNET",
                            "http_method": "ANY",
                            "id": "agi-bt35bpd783-2w71l4mjg4-ANY",
                            "integration_http_method": "POST",
                            "passthrough_behavior": "WHEN_NO_MATCH",
                            "request_parameters.%": "0",
                            "request_templates.%": "0",
                            "resource_id": "2w71l4mjg4",
                            "rest_api_id": "bt35bpd783",
                            "type": "AWS_PROXY",
                            "uri": "arn:aws:apigateway:us-west-2:lambda:path/2015-03-31/functions/arn:aws:lambda:us-west-2:937400305623:function:vurv_graphql-test/invocations"
                        },
                        "meta": {},
                        "tainted": false
                    },
                    "deposed": [],
                    "provider": "provider.aws"
                },
                "aws_api_gateway_method.proxy": {
                    "type": "aws_api_gateway_method",
                    "depends_on": [
                        "aws_api_gateway_resource.proxy",
                        "aws_api_gateway_rest_api.graphql"
                    ],
                    "primary": {
                        "id": "agm-bt35bpd783-u8pq8r-ANY",
                        "attributes": {
                            "api_key_required": "false",
                            "authorization": "NONE",
                            "authorizer_id": "",
                            "http_method": "ANY",
                            "id": "agm-bt35bpd783-u8pq8r-ANY",
                            "request_models.%": "0",
                            "request_parameters.%": "0",
                            "request_validator_id": "",
                            "resource_id": "u8pq8r",
                            "rest_api_id": "bt35bpd783"
                        },
                        "meta": {},
                        "tainted": false
                    },
                    "deposed": [],
                    "provider": "provider.aws"
                },
                "aws_api_gateway_method.proxy_root": {
                    "type": "aws_api_gateway_method",
                    "depends_on": [
                        "aws_api_gateway_rest_api.graphql"
                    ],
                    "primary": {
                        "id": "agm-bt35bpd783-2w71l4mjg4-ANY",
                        "attributes": {
                            "api_key_required": "false",
                            "authorization": "NONE",
                            "authorizer_id": "",
                            "http_method": "ANY",
                            "id": "agm-bt35bpd783-2w71l4mjg4-ANY",
                            "request_models.%": "0",
                            "request_parameters.%": "0",
                            "request_validator_id": "",
                            "resource_id": "2w71l4mjg4",
                            "rest_api_id": "bt35bpd783"
                        },
                        "meta": {},
                        "tainted": false
                    },
                    "deposed": [],
                    "provider": "provider.aws"
                },
                "aws_api_gateway_resource.proxy": {
                    "type": "aws_api_gateway_resource",
                    "depends_on": [
                        "aws_api_gateway_rest_api.graphql"
                    ],
                    "primary": {
                        "id": "u8pq8r",
                        "attributes": {
                            "id": "u8pq8r",
                            "parent_id": "2w71l4mjg4",
                            "path": "/{proxy+}",
                            "path_part": "{proxy+}",
                            "rest_api_id": "bt35bpd783"
                        },
                        "meta": {},
                        "tainted": false
                    },
                    "deposed": [],
                    "provider": "provider.aws"
                },
                "aws_api_gateway_rest_api.graphql": {
                    "type": "aws_api_gateway_rest_api",
                    "depends_on": [],
                    "primary": {
                        "id": "bt35bpd783",
                        "attributes": {
                            "binary_media_types.#": "0",
                            "created_date": "2018-06-04T21:48:06Z",
                            "description": "GraphQL endpoint for test environment",
                            "endpoint_configuration.#": "1",
                            "endpoint_configuration.0.types.#": "1",
                            "endpoint_configuration.0.types.0": "EDGE",
                            "execution_arn": "arn:aws:execute-api:us-west-2:937400305623:bt35bpd783",
                            "id": "bt35bpd783",
                            "minimum_compression_size": "-1",
                            "name": "VurvGraphQL",
                            "policy": "",
                            "root_resource_id": "2w71l4mjg4"
                        },
                        "meta": {},
                        "tainted": false
                    },
                    "deposed": [],
                    "provider": "provider.aws"
                },
                "aws_iam_role.lambda_exec": {
                    "type": "aws_iam_role",
                    "depends_on": [],
                    "primary": {
                        "id": "lamdba_iam_role-test",
                        "attributes": {
                            "arn": "arn:aws:iam::937400305623:role/lamdba_iam_role-test",
                            "assume_role_policy": "{\"Version\":\"2012-10-17\",\"Statement\":[{\"Sid\":\"\",\"Effect\":\"Allow\",\"Principal\":{\"Service\":\"lambda.amazonaws.com\"},\"Action\":\"sts:AssumeRole\"}]}",
                            "create_date": "2018-06-04T21:48:42Z",
                            "force_detach_policies": "false",
                            "id": "lamdba_iam_role-test",
                            "max_session_duration": "3600",
                            "name": "lamdba_iam_role-test",
                            "path": "/",
                            "unique_id": "AROAIKLCUXA4FALUCVRII"
                        },
                        "meta": {},
                        "tainted": false
                    },
                    "deposed": [],
                    "provider": "provider.aws"
                },
                "aws_lambda_function.graphql": {
                    "type": "aws_lambda_function",
                    "depends_on": [
                        "aws_iam_role.lambda_exec",
                        "data.archive_file.index"
                    ],
                    "primary": {
                        "id": "vurv_graphql-test",
                        "attributes": {
                            "arn": "arn:aws:lambda:us-west-2:937400305623:function:vurv_graphql-test",
                            "dead_letter_config.#": "0",
                            "description": "GraphQL endpoint for Vurvey in the test environment",
                            "environment.#": "1",
                            "environment.0.variables.%": "1",
                            "environment.0.variables.NODE_ENV": "test",
                            "filename": "../build/index.zip",
                            "function_name": "vurv_graphql-test",
                            "handler": "index.handler",
                            "id": "vurv_graphql-test",
                            "invoke_arn": "arn:aws:apigateway:us-west-2:lambda:path/2015-03-31/functions/arn:aws:lambda:us-west-2:937400305623:function:vurv_graphql-test/invocations",
                            "kms_key_arn": "",
                            "last_modified": "2018-06-04T21:49:00.597+0000",
                            "memory_size": "128",
                            "publish": "false",
                            "qualified_arn": "arn:aws:lambda:us-west-2:937400305623:function:vurv_graphql-test:$LATEST",
                            "reserved_concurrent_executions": "0",
                            "role": "arn:aws:iam::937400305623:role/lamdba_iam_role-test",
                            "runtime": "nodejs8.10",
                            "source_code_hash": "3+Y/h2GCojBko5gzNNArQKXlPwaUNvJwlf5U2ucRdw4=",
                            "source_code_size": "466",
                            "tags.%": "0",
                            "timeout": "3",
                            "tracing_config.#": "1",
                            "tracing_config.0.mode": "PassThrough",
                            "version": "$LATEST",
                            "vpc_config.#": "0"
                        },
                        "meta": {},
                        "tainted": false
                    },
                    "deposed": [],
                    "provider": "provider.aws"
                },
                "aws_lambda_permission.apigw": {
                    "type": "aws_lambda_permission",
                    "depends_on": [
                        "aws_api_gateway_deployment.graphql",
                        "aws_lambda_function.graphql"
                    ],
                    "primary": {
                        "id": "AllowAPIGatewayInvoke",
                        "attributes": {
                            "action": "lambda:InvokeFunction",
                            "function_name": "arn:aws:lambda:us-west-2:937400305623:function:vurv_graphql-test",
                            "id": "AllowAPIGatewayInvoke",
                            "principal": "apigateway.amazonaws.com",
                            "qualifier": "",
                            "source_arn": "arn:aws:execute-api:us-west-2:937400305623:bt35bpd783/test/*/*",
                            "statement_id": "AllowAPIGatewayInvoke"
                        },
                        "meta": {},
                        "tainted": false
                    },
                    "deposed": [],
                    "provider": "provider.aws"
                },
                "data.archive_file.index": {
                    "type": "archive_file",
                    "depends_on": [],
                    "primary": {
                        "id": "c97005f71303f0f71e627515345dfb3fd9f55eef",
                        "attributes": {
                            "id": "c97005f71303f0f71e627515345dfb3fd9f55eef",
                            "output_base64sha256": "3+Y/h2GCojBko5gzNNArQKXlPwaUNvJwlf5U2ucRdw4=",
                            "output_md5": "a6472027fe364abf06997a859c4a15c0",
                            "output_path": "../build/index.zip",
                            "output_sha": "c97005f71303f0f71e627515345dfb3fd9f55eef",
                            "output_size": "466",
                            "source.#": "0",
                            "source_file": "../src/index.js",
                            "type": "zip"
                        },
                        "meta": {},
                        "tainted": false
                    },
                    "deposed": [],
                    "provider": "provider.archive"
                }
            },
            "depends_on": []
        }
    ]
}
